# This file is autogenerated, do not edit; changes may be undone by the next 'dep ensure'.


[[projects]]
  name = "github.com/gorilla/context"
  packages = ["."]
  revision = "08b5f424b9271eedf6f9f0ce86cb9396ed337a42"
  version = "v1.1.1"

[[projects]]
  name = "github.com/gorilla/mux"
  packages = ["."]
  revision = "392c28fe23e1c45ddba891b0320b3b5df220beea"
  version = "v1.3.0"

[[projects]]
  name = "github.com/jtolds/gls"
  packages = ["."]
  revision = "9a4a02dbe491bef4bab3c24fd9f3087d6c4c6690"

[[projects]]
  name = "github.com/moul/number-to-words"
  packages = ["."]
  revision = "a2fa89cb6a9221f256a3e1acfc20ec7e54cf8c7b"
  version = "v0.1.0"

[[projects]]
  name = "github.com/smartystreets/assertions"
  packages = [
    ".",
    "internal/oglematchers"
  ]
  revision = "01fedaa993c0a9f9aa55111501cd7c81a49e812e"

[[projects]]
  name = "github.com/smartystreets/goconvey"
  packages = [
    "convey",
    "convey/gotest",
    "convey/reporting"
  ]
  revision = "5bb9e117a1a4f1a1555a4d41cd233c79b1a5209f"

[[projects]]
  name = "github.com/urfave/cli"
  packages = ["."]
  revision = "0bdeddeeb0f650497d603c4ad7b20cfe685682f6"
  version = "v1.19.1"

[solve-meta]
  analyzer-name = "dep"
  analyzer-version = 1
  inputs-digest = "a262b077eed95e30c4e4207dc07e638e40db0937d1a0efac2c988e275beb2059"
  solver-name = "gps-cdcl"
  solver-version = 1
